// !$*UTF8*$!
{
	archiveVersion = 1;
	classes = {
	};
	objectVersion = 56;
	objects = {

/* Begin PBXBuildFile section */
		757CD7912A8E42800086475A /* RootViewController.swift in Sources */ = {isa = PBXBuildFile; fileRef = 757CD7902A8E42800086475A /* RootViewController.swift */; };
		759526142A8B981300E00B00 /* AppDelegate.swift in Sources */ = {isa = PBXBuildFile; fileRef = 759526132A8B981300E00B00 /* AppDelegate.swift */; };
		759526162A8B981300E00B00 /* SceneDelegate.swift in Sources */ = {isa = PBXBuildFile; fileRef = 759526152A8B981300E00B00 /* SceneDelegate.swift */; };
		759526182A8B981300E00B00 /* ViewController.swift in Sources */ = {isa = PBXBuildFile; fileRef = 759526172A8B981300E00B00 /* ViewController.swift */; };
		7595261B2A8B981300E00B00 /* Main.storyboard in Resources */ = {isa = PBXBuildFile; fileRef = 759526192A8B981300E00B00 /* Main.storyboard */; };
		7595261D2A8B981300E00B00 /* Assets.xcassets in Resources */ = {isa = PBXBuildFile; fileRef = 7595261C2A8B981300E00B00 /* Assets.xcassets */; };
		759526202A8B981300E00B00 /* LaunchScreen.storyboard in Resources */ = {isa = PBXBuildFile; fileRef = 7595261E2A8B981300E00B00 /* LaunchScreen.storyboard */; };
		7595262B2A8B981300E00B00 /* LearningTests.swift in Sources */ = {isa = PBXBuildFile; fileRef = 7595262A2A8B981300E00B00 /* LearningTests.swift */; };
		759526352A8B981300E00B00 /* LearningUITests.swift in Sources */ = {isa = PBXBuildFile; fileRef = 759526342A8B981300E00B00 /* LearningUITests.swift */; };
		759526372A8B981300E00B00 /* LearningUITestsLaunchTests.swift in Sources */ = {isa = PBXBuildFile; fileRef = 759526362A8B981300E00B00 /* LearningUITestsLaunchTests.swift */; };
		75B762432A94E2E900DE1E0A /* TableViewViewController.swift in Sources */ = {isa = PBXBuildFile; fileRef = 75B762422A94E2E900DE1E0A /* TableViewViewController.swift */; };
		75EEC5D22A8F8C7000596F2F /* WelcomeViewController.swift in Sources */ = {isa = PBXBuildFile; fileRef = 75EEC5D12A8F8C7000596F2F /* WelcomeViewController.swift */; };
/* End PBXBuildFile section */

/* Begin PBXContainerItemProxy section */
		759526272A8B981300E00B00 /* PBXContainerItemProxy */ = {
			isa = PBXContainerItemProxy;
			containerPortal = 759526082A8B981300E00B00 /* Project object */;
			proxyType = 1;
			remoteGlobalIDString = 7595260F2A8B981300E00B00;
			remoteInfo = Learning;
		};
		759526312A8B981300E00B00 /* PBXContainerItemProxy */ = {
			isa = PBXContainerItemProxy;
			containerPortal = 759526082A8B981300E00B00 /* Project object */;
			proxyType = 1;
			remoteGlobalIDString = 7595260F2A8B981300E00B00;
			remoteInfo = Learning;
		};
/* End PBXContainerItemProxy section */

/* Begin PBXFileReference section */
		757CD7902A8E42800086475A /* RootViewController.swift */ = {isa = PBXFileReference; lastKnownFileType = sourcecode.swift; path = RootViewController.swift; sourceTree = "<group>"; };
		759526102A8B981300E00B00 /* Learning.app */ = {isa = PBXFileReference; explicitFileType = wrapper.application; includeInIndex = 0; path = Learning.app; sourceTree = BUILT_PRODUCTS_DIR; };
		759526132A8B981300E00B00 /* AppDelegate.swift */ = {isa = PBXFileReference; lastKnownFileType = sourcecode.swift; path = AppDelegate.swift; sourceTree = "<group>"; };
		759526152A8B981300E00B00 /* SceneDelegate.swift */ = {isa = PBXFileReference; lastKnownFileType = sourcecode.swift; path = SceneDelegate.swift; sourceTree = "<group>"; };
		759526172A8B981300E00B00 /* ViewController.swift */ = {isa = PBXFileReference; lastKnownFileType = sourcecode.swift; path = ViewController.swift; sourceTree = "<group>"; };
		7595261A2A8B981300E00B00 /* Base */ = {isa = PBXFileReference; lastKnownFileType = file.storyboard; name = Base; path = Base.lproj/Main.storyboard; sourceTree = "<group>"; };
		7595261C2A8B981300E00B00 /* Assets.xcassets */ = {isa = PBXFileReference; lastKnownFileType = folder.assetcatalog; path = Assets.xcassets; sourceTree = "<group>"; };
		7595261F2A8B981300E00B00 /* Base */ = {isa = PBXFileReference; lastKnownFileType = file.storyboard; name = Base; path = Base.lproj/LaunchScreen.storyboard; sourceTree = "<group>"; };
		759526212A8B981300E00B00 /* Info.plist */ = {isa = PBXFileReference; lastKnownFileType = text.plist.xml; path = Info.plist; sourceTree = "<group>"; };
		759526262A8B981300E00B00 /* LearningTests.xctest */ = {isa = PBXFileReference; explicitFileType = wrapper.cfbundle; includeInIndex = 0; path = LearningTests.xctest; sourceTree = BUILT_PRODUCTS_DIR; };
		7595262A2A8B981300E00B00 /* LearningTests.swift */ = {isa = PBXFileReference; lastKnownFileType = sourcecode.swift; path = LearningTests.swift; sourceTree = "<group>"; };
		759526302A8B981300E00B00 /* LearningUITests.xctest */ = {isa = PBXFileReference; explicitFileType = wrapper.cfbundle; includeInIndex = 0; path = LearningUITests.xctest; sourceTree = BUILT_PRODUCTS_DIR; };
		759526342A8B981300E00B00 /* LearningUITests.swift */ = {isa = PBXFileReference; lastKnownFileType = sourcecode.swift; path = LearningUITests.swift; sourceTree = "<group>"; };
		759526362A8B981300E00B00 /* LearningUITestsLaunchTests.swift */ = {isa = PBXFileReference; lastKnownFileType = sourcecode.swift; path = LearningUITestsLaunchTests.swift; sourceTree = "<group>"; };
		75B762422A94E2E900DE1E0A /* TableViewViewController.swift */ = {isa = PBXFileReference; lastKnownFileType = sourcecode.swift; path = TableViewViewController.swift; sourceTree = "<group>"; };
		75EEC5D12A8F8C7000596F2F /* WelcomeViewController.swift */ = {isa = PBXFileReference; lastKnownFileType = sourcecode.swift; path = WelcomeViewController.swift; sourceTree = "<group>"; };
/* End PBXFileReference section */

/* Begin PBXFrameworksBuildPhase section */
		7595260D2A8B981300E00B00 /* Frameworks */ = {
			isa = PBXFrameworksBuildPhase;
			buildActionMask = 2147483647;
			files = (
			);
			runOnlyForDeploymentPostprocessing = 0;
		};
		759526232A8B981300E00B00 /* Frameworks */ = {
			isa = PBXFrameworksBuildPhase;
			buildActionMask = 2147483647;
			files = (
			);
			runOnlyForDeploymentPostprocessing = 0;
		};
		7595262D2A8B981300E00B00 /* Frameworks */ = {
			isa = PBXFrameworksBuildPhase;
			buildActionMask = 2147483647;
			files = (
			);
			runOnlyForDeploymentPostprocessing = 0;
		};
/* End PBXFrameworksBuildPhase section */

/* Begin PBXGroup section */
		759526072A8B981300E00B00 = {
			isa = PBXGroup;
			children = (
				759526122A8B981300E00B00 /* Learning */,
				759526292A8B981300E00B00 /* LearningTests */,
				759526332A8B981300E00B00 /* LearningUITests */,
				759526112A8B981300E00B00 /* Products */,
			);
			sourceTree = "<group>";
		};
		759526112A8B981300E00B00 /* Products */ = {
			isa = PBXGroup;
			children = (
				759526102A8B981300E00B00 /* Learning.app */,
				759526262A8B981300E00B00 /* LearningTests.xctest */,
				759526302A8B981300E00B00 /* LearningUITests.xctest */,
			);
			name = Products;
			sourceTree = "<group>";
		};
		759526122A8B981300E00B00 /* Learning */ = {
			isa = PBXGroup;
			children = (
				759526132A8B981300E00B00 /* AppDelegate.swift */,
				759526152A8B981300E00B00 /* SceneDelegate.swift */,
				759526172A8B981300E00B00 /* ViewController.swift */,
				757CD7902A8E42800086475A /* RootViewController.swift */,
				759526192A8B981300E00B00 /* Main.storyboard */,
				7595261C2A8B981300E00B00 /* Assets.xcassets */,
				7595261E2A8B981300E00B00 /* LaunchScreen.storyboard */,
				759526212A8B981300E00B00 /* Info.plist */,
				75EEC5D12A8F8C7000596F2F /* WelcomeViewController.swift */,
				75B762422A94E2E900DE1E0A /* TableViewViewController.swift */,
			);
			path = Learning;
			sourceTree = "<group>";
		};
		759526292A8B981300E00B00 /* LearningTests */ = {
			isa = PBXGroup;
			children = (
				7595262A2A8B981300E00B00 /* LearningTests.swift */,
			);
			path = LearningTests;
			sourceTree = "<group>";
		};
		759526332A8B981300E00B00 /* LearningUITests */ = {
			isa = PBXGroup;
			children = (
				759526342A8B981300E00B00 /* LearningUITests.swift */,
				759526362A8B981300E00B00 /* LearningUITestsLaunchTests.swift */,
			);
			path = LearningUITests;
			sourceTree = "<group>";
		};
/* End PBXGroup section */

/* Begin PBXNativeTarget section */
		7595260F2A8B981300E00B00 /* Learning */ = {
			isa = PBXNativeTarget;
			buildConfigurationList = 7595263A2A8B981300E00B00 /* Build configuration list for PBXNativeTarget "Learning" */;
			buildPhases = (
				7595260C2A8B981300E00B00 /* Sources */,
				7595260D2A8B981300E00B00 /* Frameworks */,
				7595260E2A8B981300E00B00 /* Resources */,
			);
			buildRules = (
			);
			dependencies = (
			);
			name = Learning;
			productName = Learning;
			productReference = 759526102A8B981300E00B00 /* Learning.app */;
			productType = "com.apple.product-type.application";
		};
		759526252A8B981300E00B00 /* LearningTests */ = {
			isa = PBXNativeTarget;
			buildConfigurationList = 7595263D2A8B981300E00B00 /* Build configuration list for PBXNativeTarget "LearningTests" */;
			buildPhases = (
				759526222A8B981300E00B00 /* Sources */,
				759526232A8B981300E00B00 /* Frameworks */,
				759526242A8B981300E00B00 /* Resources */,
			);
			buildRules = (
			);
			dependencies = (
				759526282A8B981300E00B00 /* PBXTargetDependency */,
			);
			name = LearningTests;
			productName = LearningTests;
			productReference = 759526262A8B981300E00B00 /* LearningTests.xctest */;
			productType = "com.apple.product-type.bundle.unit-test";
		};
		7595262F2A8B981300E00B00 /* LearningUITests */ = {
			isa = PBXNativeTarget;
			buildConfigurationList = 759526402A8B981300E00B00 /* Build configuration list for PBXNativeTarget "LearningUITests" */;
			buildPhases = (
				7595262C2A8B981300E00B00 /* Sources */,
				7595262D2A8B981300E00B00 /* Frameworks */,
				7595262E2A8B981300E00B00 /* Resources */,
			);
			buildRules = (
			);
			dependencies = (
				759526322A8B981300E00B00 /* PBXTargetDependency */,
			);
			name = LearningUITests;
			productName = LearningUITests;
			productReference = 759526302A8B981300E00B00 /* LearningUITests.xctest */;
			productType = "com.apple.product-type.bundle.ui-testing";
		};
/* End PBXNativeTarget section */

/* Begin PBXProject section */
		759526082A8B981300E00B00 /* Project object */ = {
			isa = PBXProject;
			attributes = {
				BuildIndependentTargetsInParallel = 1;
				LastSwiftUpdateCheck = 1430;
				LastUpgradeCheck = 1430;
				TargetAttributes = {
					7595260F2A8B981300E00B00 = {
						CreatedOnToolsVersion = 14.3.1;
					};
					759526252A8B981300E00B00 = {
						CreatedOnToolsVersion = 14.3.1;
						TestTargetID = 7595260F2A8B981300E00B00;
					};
					7595262F2A8B981300E00B00 = {
						CreatedOnToolsVersion = 14.3.1;
						TestTargetID = 7595260F2A8B981300E00B00;
					};
				};
			};
			buildConfigurationList = 7595260B2A8B981300E00B00 /* Build configuration list for PBXProject "Learning" */;
			compatibilityVersion = "Xcode 14.0";
			developmentRegion = en;
			hasScannedForEncodings = 0;
			knownRegions = (
				en,
				Base,
			);
			mainGroup = 759526072A8B981300E00B00;
			productRefGroup = 759526112A8B981300E00B00 /* Products */;
			projectDirPath = "";
			projectRoot = "";
			targets = (
				7595260F2A8B981300E00B00 /* Learning */,
				759526252A8B981300E00B00 /* LearningTests */,
				7595262F2A8B981300E00B00 /* LearningUITests */,
			);
		};
/* End PBXProject section */

/* Begin PBXResourcesBuildPhase section */
		7595260E2A8B981300E00B00 /* Resources */ = {
			isa = PBXResourcesBuildPhase;
			buildActionMask = 2147483647;
			files = (
				759526202A8B981300E00B00 /* LaunchScreen.storyboard in Resources */,
				7595261D2A8B981300E00B00 /* Assets.xcassets in Resources */,
				7595261B2A8B981300E00B00 /* Main.storyboard in Resources */,
			);
			runOnlyForDeploymentPostprocessing = 0;
		};
		759526242A8B981300E00B00 /* Resources */ = {
			isa = PBXResourcesBuildPhase;
			buildActionMask = 2147483647;
			files = (
			);
			runOnlyForDeploymentPostprocessing = 0;
		};
		7595262E2A8B981300E00B00 /* Resources */ = {
			isa = PBXResourcesBuildPhase;
			buildActionMask = 2147483647;
			files = (
			);
			runOnlyForDeploymentPostprocessing = 0;
		};
/* End PBXResourcesBuildPhase section */

/* Begin PBXSourcesBuildPhase section */
		7595260C2A8B981300E00B00 /* Sources */ = {
			isa = PBXSourcesBuildPhase;
			buildActionMask = 2147483647;
			files = (
				759526182A8B981300E00B00 /* ViewController.swift in Sources */,
				75EEC5D22A8F8C7000596F2F /* WelcomeViewController.swift in Sources */,
				759526142A8B981300E00B00 /* AppDelegate.swift in Sources */,
				757CD7912A8E42800086475A /* RootViewController.swift in Sources */,
				75B762432A94E2E900DE1E0A /* TableViewViewController.swift in Sources */,
				759526162A8B981300E00B00 /* SceneDelegate.swift in Sources */,
			);
			runOnlyForDeploymentPostprocessing = 0;
		};
		759526222A8B981300E00B00 /* Sources */ = {
			isa = PBXSourcesBuildPhase;
			buildActionMask = 2147483647;
			files = (
				7595262B2A8B981300E00B00 /* LearningTests.swift in Sources */,
			);
			runOnlyForDeploymentPostprocessing = 0;
		};
		7595262C2A8B981300E00B00 /* Sources */ = {
			isa = PBXSourcesBuildPhase;
			buildActionMask = 2147483647;
			files = (
				759526372A8B981300E00B00 /* LearningUITestsLaunchTests.swift in Sources */,
				759526352A8B981300E00B00 /* LearningUITests.swift in Sources */,
			);
			runOnlyForDeploymentPostprocessing = 0;
		};
/* End PBXSourcesBuildPhase section */

/* Begin PBXTargetDependency section */
		759526282A8B981300E00B00 /* PBXTargetDependency */ = {
			isa = PBXTargetDependency;
			target = 7595260F2A8B981300E00B00 /* Learning */;
			targetProxy = 759526272A8B981300E00B00 /* PBXContainerItemProxy */;
		};
		759526322A8B981300E00B00 /* PBXTargetDependency */ = {
			isa = PBXTargetDependency;
			target = 7595260F2A8B981300E00B00 /* Learning */;
			targetProxy = 759526312A8B981300E00B00 /* PBXContainerItemProxy */;
		};
/* End PBXTargetDependency section */

/* Begin PBXVariantGroup section */
		759526192A8B981300E00B00 /* Main.storyboard */ = {
			isa = PBXVariantGroup;
			children = (
				7595261A2A8B981300E00B00 /* Base */,
			);
			name = Main.storyboard;
			sourceTree = "<group>";
		};
		7595261E2A8B981300E00B00 /* LaunchScreen.storyboard */ = {
			isa = PBXVariantGroup;
			children = (
				7595261F2A8B981300E00B00 /* Base */,
			);
			name = LaunchScreen.storyboard;
			sourceTree = "<group>";
		};
/* End PBXVariantGroup section */

/* Begin XCBuildConfiguration section */
		759526382A8B981300E00B00 /* Debug */ = {
			isa = XCBuildConfiguration;
			buildSettings = {
				ALWAYS_SEARCH_USER_PATHS = NO;
				CLANG_ANALYZER_NONNULL = YES;
				CLANG_ANALYZER_NUMBER_OBJECT_CONVERSION = YES_AGGRESSIVE;
				CLANG_CXX_LANGUAGE_STANDARD = "gnu++20";
				CLANG_ENABLE_MODULES = YES;
				CLANG_ENABLE_OBJC_ARC = YES;
				CLANG_ENABLE_OBJC_WEAK = YES;
				CLANG_WARN_BLOCK_CAPTURE_AUTORELEASING = YES;
				CLANG_WARN_BOOL_CONVERSION = YES;
				CLANG_WARN_COMMA = YES;
				CLANG_WARN_CONSTANT_CONVERSION = YES;
				CLANG_WARN_DEPRECATED_OBJC_IMPLEMENTATIONS = YES;
				CLANG_WARN_DIRECT_OBJC_ISA_USAGE = YES_ERROR;
				CLANG_WARN_DOCUMENTATION_COMMENTS = YES;
				CLANG_WARN_EMPTY_BODY = YES;
				CLANG_WARN_ENUM_CONVERSION = YES;
				CLANG_WARN_INFINITE_RECURSION = YES;
				CLANG_WARN_INT_CONVERSION = YES;
				CLANG_WARN_NON_LITERAL_NULL_CONVERSION = YES;
				CLANG_WARN_OBJC_IMPLICIT_RETAIN_SELF = YES;
				CLANG_WARN_OBJC_LITERAL_CONVERSION = YES;
				CLANG_WARN_OBJC_ROOT_CLASS = YES_ERROR;
				CLANG_WARN_QUOTED_INCLUDE_IN_FRAMEWORK_HEADER = YES;
				CLANG_WARN_RANGE_LOOP_ANALYSIS = YES;
				CLANG_WARN_STRICT_PROTOTYPES = YES;
				CLANG_WARN_SUSPICIOUS_MOVE = YES;
				CLANG_WARN_UNGUARDED_AVAILABILITY = YES_AGGRESSIVE;
				CLANG_WARN_UNREACHABLE_CODE = YES;
				CLANG_WARN__DUPLICATE_METHOD_MATCH = YES;
				COPY_PHASE_STRIP = NO;
				DEBUG_INFORMATION_FORMAT = dwarf;
				ENABLE_STRICT_OBJC_MSGSEND = YES;
				ENABLE_TESTABILITY = YES;
				GCC_C_LANGUAGE_STANDARD = gnu11;
				GCC_DYNAMIC_NO_PIC = NO;
				GCC_NO_COMMON_BLOCKS = YES;
				GCC_OPTIMIZATION_LEVEL = 0;
				GCC_PREPROCESSOR_DEFINITIONS = (
					"DEBUG=1",
					"$(inherited)",
				);
				GCC_WARN_64_TO_32_BIT_CONVERSION = YES;
				GCC_WARN_ABOUT_RETURN_TYPE = YES_ERROR;
				GCC_WARN_UNDECLARED_SELECTOR = YES;
				GCC_WARN_UNINITIALIZED_AUTOS = YES_AGGRESSIVE;
				GCC_WARN_UNUSED_FUNCTION = YES;
				GCC_WARN_UNUSED_VARIABLE = YES;
				IPHONEOS_DEPLOYMENT_TARGET = 16.4;
				MTL_ENABLE_DEBUG_INFO = INCLUDE_SOURCE;
				MTL_FAST_MATH = YES;
				ONLY_ACTIVE_ARCH = YES;
				SDKROOT = iphoneos;
				SWIFT_ACTIVE_COMPILATION_CONDITIONS = DEBUG;
				SWIFT_OPTIMIZATION_LEVEL = "-Onone";
			};
			name = Debug;
		};
		759526392A8B981300E00B00 /* Release */ = {
			isa = XCBuildConfiguration;
			buildSettings = {
				ALWAYS_SEARCH_USER_PATHS = NO;
				CLANG_ANALYZER_NONNULL = YES;
				CLANG_ANALYZER_NUMBER_OBJECT_CONVERSION = YES_AGGRESSIVE;
				CLANG_CXX_LANGUAGE_STANDARD = "gnu++20";
				CLANG_ENABLE_MODULES = YES;
				CLANG_ENABLE_OBJC_ARC = YES;
				CLANG_ENABLE_OBJC_WEAK = YES;
				CLANG_WARN_BLOCK_CAPTURE_AUTORELEASING = YES;
				CLANG_WARN_BOOL_CONVERSION = YES;
				CLANG_WARN_COMMA = YES;
				CLANG_WARN_CONSTANT_CONVERSION = YES;
				CLANG_WARN_DEPRECATED_OBJC_IMPLEMENTATIONS = YES;
				CLANG_WARN_DIRECT_OBJC_ISA_USAGE = YES_ERROR;
				CLANG_WARN_DOCUMENTATION_COMMENTS = YES;
				CLANG_WARN_EMPTY_BODY = YES;
				CLANG_WARN_ENUM_CONVERSION = YES;
				CLANG_WARN_INFINITE_RECURSION = YES;
				CLANG_WARN_INT_CONVERSION = YES;
				CLANG_WARN_NON_LITERAL_NULL_CONVERSION = YES;
				CLANG_WARN_OBJC_IMPLICIT_RETAIN_SELF = YES;
				CLANG_WARN_OBJC_LITERAL_CONVERSION = YES;
				CLANG_WARN_OBJC_ROOT_CLASS = YES_ERROR;
				CLANG_WARN_QUOTED_INCLUDE_IN_FRAMEWORK_HEADER = YES;
				CLANG_WARN_RANGE_LOOP_ANALYSIS = YES;
				CLANG_WARN_STRICT_PROTOTYPES = YES;
				CLANG_WARN_SUSPICIOUS_MOVE = YES;
				CLANG_WARN_UNGUARDED_AVAILABILITY = YES_AGGRESSIVE;
				CLANG_WARN_UNREACHABLE_CODE = YES;
				CLANG_WARN__DUPLICATE_METHOD_MATCH = YES;
				COPY_PHASE_STRIP = NO;
				DEBUG_INFORMATION_FORMAT = "dwarf-with-dsym";
				ENABLE_NS_ASSERTIONS = NO;
				ENABLE_STRICT_OBJC_MSGSEND = YES;
				GCC_C_LANGUAGE_STANDARD = gnu11;
				GCC_NO_COMMON_BLOCKS = YES;
				GCC_WARN_64_TO_32_BIT_CONVERSION = YES;
				GCC_WARN_ABOUT_RETURN_TYPE = YES_ERROR;
				GCC_WARN_UNDECLARED_SELECTOR = YES;
				GCC_WARN_UNINITIALIZED_AUTOS = YES_AGGRESSIVE;
				GCC_WARN_UNUSED_FUNCTION = YES;
				GCC_WARN_UNUSED_VARIABLE = YES;
				IPHONEOS_DEPLOYMENT_TARGET = 16.4;
				MTL_ENABLE_DEBUG_INFO = NO;
				MTL_FAST_MATH = YES;
				SDKROOT = iphoneos;
				SWIFT_COMPILATION_MODE = wholemodule;
				SWIFT_OPTIMIZATION_LEVEL = "-O";
				VALIDATE_PRODUCT = YES;
			};
			name = Release;
		};
		7595263B2A8B981300E00B00 /* Debug */ = {
			isa = XCBuildConfiguration;
			buildSettings = {
				ASSETCATALOG_COMPILER_APPICON_NAME = AppIcon;
				ASSETCATALOG_COMPILER_GLOBAL_ACCENT_COLOR_NAME = AccentColor;
				CODE_SIGN_STYLE = Automatic;
				CURRENT_PROJECT_VERSION = 1;
				GENERATE_INFOPLIST_FILE = YES;
				INFOPLIST_FILE = Learning/Info.plist;
				INFOPLIST_KEY_UIApplicationSupportsIndirectInputEvents = YES;
				INFOPLIST_KEY_UILaunchStoryboardName = LaunchScreen;
				INFOPLIST_KEY_UIMainStoryboardFile = Main;
				INFOPLIST_KEY_UISupportedInterfaceOrientations_iPad = "UIInterfaceOrientationPortrait UIInterfaceOrientationPortraitUpsideDown UIInterfaceOrientationLandscapeLeft UIInterfaceOrientationLandscapeRight";
				INFOPLIST_KEY_UISupportedInterfaceOrientations_iPhone = "UIInterfaceOrientationPortrait UIInterfaceOrientationLandscapeLeft UIInterfaceOrientationLandscapeRight";
				LD_RUNPATH_SEARCH_PATHS = (
					"$(inherited)",
					"@executable_path/Frameworks",
				);
				MARKETING_VERSION = 1.0;
				PRODUCT_BUNDLE_IDENTIFIER = com.gic.Learning;
				PRODUCT_NAME = "$(TARGET_NAME)";
				SUPPORTED_PLATFORMS = "iphoneos iphonesimulator";
				SUPPORTS_MACCATALYST = NO;
				SUPPORTS_MAC_DESIGNED_FOR_IPHONE_IPAD = YES;
				SWIFT_EMIT_LOC_STRINGS = YES;
				SWIFT_VERSION = 5.0;
				TARGETED_DEVICE_FAMILY = 1;
			};
			name = Debug;
		};
		7595263C2A8B981300E00B00 /* Release */ = {
			isa = XCBuildConfiguration;
			buildSettings = {
				ASSETCATALOG_COMPILER_APPICON_NAME = AppIcon;
				ASSETCATALOG_COMPILER_GLOBAL_ACCENT_COLOR_NAME = AccentColor;
				CODE_SIGN_STYLE = Automatic;
				CURRENT_PROJECT_VERSION = 1;
				GENERATE_INFOPLIST_FILE = YES;
				INFOPLIST_FILE = Learning/Info.plist;
				INFOPLIST_KEY_UIApplicationSupportsIndirectInputEvents = YES;
				INFOPLIST_KEY_UILaunchStoryboardName = LaunchScreen;
				INFOPLIST_KEY_UIMainStoryboardFile = Main;
				INFOPLIST_KEY_UISupportedInterfaceOrientations_iPad = "UIInterfaceOrientationPortrait UIInterfaceOrientationPortraitUpsideDown UIInterfaceOrientationLandscapeLeft UIInterfaceOrientationLandscapeRight";
				INFOPLIST_KEY_UISupportedInterfaceOrientations_iPhone = "UIInterfaceOrientationPortrait UIInterfaceOrientationLandscapeLeft UIInterfaceOrientationLandscapeRight";
				LD_RUNPATH_SEARCH_PATHS = (
					"$(inherited)",
					"@executable_path/Frameworks",
				);
				MARKETING_VERSION = 1.0;
				PRODUCT_BUNDLE_IDENTIFIER = com.gic.Learning;
				PRODUCT_NAME = "$(TARGET_NAME)";
				SUPPORTED_PLATFORMS = "iphoneos iphonesimulator";
				SUPPORTS_MACCATALYST = NO;
				SUPPORTS_MAC_DESIGNED_FOR_IPHONE_IPAD = YES;
				SWIFT_EMIT_LOC_STRINGS = YES;
				SWIFT_VERSION = 5.0;
				TARGETED_DEVICE_FAMILY = 1;
			};
			name = Release;
		};
		7595263E2A8B981300E00B00 /* Debug */ = {
			isa = XCBuildConfiguration;
			buildSettings = {
				ALWAYS_EMBED_SWIFT_STANDARD_LIBRARIES = YES;
				BUNDLE_LOADER = "$(TEST_HOST)";
				CODE_SIGN_STYLE = Automatic;
				CURRENT_PROJECT_VERSION = 1;
				GENERATE_INFOPLIST_FILE = YES;
				IPHONEOS_DEPLOYMENT_TARGET = 16.4;
				MARKETING_VERSION = 1.0;
				PRODUCT_BUNDLE_IDENTIFIER = com.gic.LearningTests;
				PRODUCT_NAME = "$(TARGET_NAME)";
				SWIFT_EMIT_LOC_STRINGS = NO;
				SWIFT_VERSION = 5.0;
				TARGETED_DEVICE_FAMILY = "1,2";
				TEST_HOST = "$(BUILT_PRODUCTS_DIR)/Learning.app/$(BUNDLE_EXECUTABLE_FOLDER_PATH)/Learning";
			};
			name = Debug;
		};
		7595263F2A8B981300E00B00 /* Release */ = {
			isa = XCBuildConfiguration;
			buildSettings = {
				ALWAYS_EMBED_SWIFT_STANDARD_LIBRARIES = YES;
				BUNDLE_LOADER = "$(TEST_HOST)";
				CODE_SIGN_STYLE = Automatic;
				CURRENT_PROJECT_VERSION = 1;
				GENERATE_INFOPLIST_FILE = YES;
				IPHONEOS_DEPLOYMENT_TARGET = 16.4;
				MARKETING_VERSION = 1.0;
				PRODUCT_BUNDLE_IDENTIFIER = com.gic.LearningTests;
				PRODUCT_NAME = "$(TARGET_NAME)";
				SWIFT_EMIT_LOC_STRINGS = NO;
				SWIFT_VERSION = 5.0;
				TARGETED_DEVICE_FAMILY = "1,2";
				TEST_HOST = "$(BUILT_PRODUCTS_DIR)/Learning.app/$(BUNDLE_EXECUTABLE_FOLDER_PATH)/Learning";
			};
			name = Release;
		};
		759526412A8B981300E00B00 /* Debug */ = {
			isa = XCBuildConfiguration;
			buildSettings = {
				ALWAYS_EMBED_SWIFT_STANDARD_LIBRARIES = YES;
				CODE_SIGN_STYLE = Automatic;
				CURRENT_PROJECT_VERSION = 1;
				GENERATE_INFOPLIST_FILE = YES;
				MARKETING_VERSION = 1.0;
				PRODUCT_BUNDLE_IDENTIFIER = com.gic.LearningUITests;
				PRODUCT_NAME = "$(TARGET_NAME)";
				SWIFT_EMIT_LOC_STRINGS = NO;
				SWIFT_VERSION = 5.0;
				TARGETED_DEVICE_FAMILY = "1,2";
				TEST_TARGET_NAME = Learning;
			};
			name = Debug;
		};
		759526422A8B981300E00B00 /* Release */ = {
			isa = XCBuildConfiguration;
			buildSettings = {
				ALWAYS_EMBED_SWIFT_STANDARD_LIBRARIES = YES;
				CODE_SIGN_STYLE = Automatic;
				CURRENT_PROJECT_VERSION = 1;
				GENERATE_INFOPLIST_FILE = YES;
				MARKETING_VERSION = 1.0;
				PRODUCT_BUNDLE_IDENTIFIER = com.gic.LearningUITests;
				PRODUCT_NAME = "$(TARGET_NAME)";
				SWIFT_EMIT_LOC_STRINGS = NO;
				SWIFT_VERSION = 5.0;
				TARGETED_DEVICE_FAMILY = "1,2";
				TEST_TARGET_NAME = Learning;
			};
			name = Release;
		};
/* End XCBuildConfiguration section */

/* Begin XCConfigurationList section */
		7595260B2A8B981300E00B00 /* Build configuration list for PBXProject "Learning" */ = {
			isa = XCConfigurationList;
			buildConfigurations = (
				759526382A8B981300E00B00 /* Debug */,
				759526392A8B981300E00B00 /* Release */,
			);
			defaultConfigurationIsVisible = 0;
			defaultConfigurationName = Release;
		};
		7595263A2A8B981300E00B00 /* Build configuration list for PBXNativeTarget "Learning" */ = {
			isa = XCConfigurationList;
			buildConfigurations = (
				7595263B2A8B981300E00B00 /* Debug */,
				7595263C2A8B981300E00B00 /* Release */,
			);
			defaultConfigurationIsVisible = 0;
			defaultConfigurationName = Release;
		};
		7595263D2A8B981300E00B00 /* Build configuration list for PBXNativeTarget "LearningTests" */ = {
			isa = XCConfigurationList;
			buildConfigurations = (
				7595263E2A8B981300E00B00 /* Debug */,
				7595263F2A8B981300E00B00 /* Release */,
			);
			defaultConfigurationIsVisible = 0;
			defaultConfigurationName = Release;
		};
		759526402A8B981300E00B00 /* Build configuration list for PBXNativeTarget "LearningUITests" */ = {
			isa = XCConfigurationList;
			buildConfigurations = (
				759526412A8B981300E00B00 /* Debug */,
				759526422A8B981300E00B00 /* Release */,
			);
			defaultConfigurationIsVisible = 0;
			defaultConfigurationName = Release;
		};
/* End XCConfigurationList section */
	};
	rootObject = 759526082A8B981300E00B00 /* Project object */;
}
